
Microsoft Visual Studio Solution File, Format Version 12.00
# Visual Studio 15
Project("{FAE04EC0-301F-11D3-BF4B-00C04F79EFBC}") = "Assembly-CSharp", "Assembly-CSharp.csproj", "{59972000-A102-93F3-E252-4AFE00D882C8}"
EndProject
Global
	GlobalSection(SolutionConfigurationPlatforms) = preSolution
		Debug|Any CPU = Debug|Any CPU
		Release|Any CPU = Release|Any CPU
	EndGlobalSection
	GlobalSection(ProjectConfigurationPlatforms) = postSolution
		{59972000-A102-93F3-E252-4AFE00D882C8}.Debug|Any CPU.ActiveCfg = Debug|Any CPU
		{59972000-A102-93F3-E252-4AFE00D882C8}.Debug|Any CPU.Build.0 = Debug|Any CPU
		{59972000-A102-93F3-E252-4AFE00D882C8}.Release|Any CPU.ActiveCfg = Release|Any CPU
		{59972000-A102-93F3-E252-4AFE00D882C8}.Release|Any CPU.Build.0 = Release|Any CPU
	EndGlobalSection
	GlobalSection(SolutionProperties) = preSolution
		HideSolutionNode = FALSE
	EndGlobalSection
EndGlobal
